{
    "version": 3,
    "terraform_version": "0.8.4",
    "serial": 5,
    "lineage": "bfeb9602-f080-4947-9a5b-74636a4cfac2",
    "modules": [
        {
            "path": [
                "root"
            ],
            "outputs": {},
            "resources": {
                "aws_eip.ip": {
                    "type": "aws_eip",
                    "depends_on": [
                        "aws_instance.example"
                    ],
                    "primary": {
                        "id": "eipalloc-43d4957d",
                        "attributes": {
                            "association_id": "eipassoc-edb5e9d3",
                            "domain": "vpc",
                            "id": "eipalloc-43d4957d",
                            "instance": "i-01e21fa735a9c907d",
                            "network_interface": "eni-56907293",
                            "private_ip": "172.31.24.15",
                            "public_ip": "34.197.215.86",
                            "vpc": "true"
                        },
                        "meta": {},
                        "tainted": false
                    },
                    "deposed": [],
                    "provider": ""
                },
                "aws_instance.example": {
                    "type": "aws_instance",
                    "depends_on": [],
                    "primary": {
                        "id": "i-01e21fa735a9c907d",
                        "attributes": {
                            "ami": "ami-13be557e",
                            "associate_public_ip_address": "true",
                            "availability_zone": "us-east-1b",
                            "disable_api_termination": "false",
                            "ebs_block_device.#": "0",
                            "ebs_optimized": "false",
                            "ephemeral_block_device.#": "0",
                            "iam_instance_profile": "",
                            "id": "i-01e21fa735a9c907d",
                            "instance_state": "running",
                            "instance_type": "t2.nano",
                            "key_name": "",
                            "monitoring": "false",
                            "network_interface_id": "eni-56907293",
                            "private_dns": "ip-172-31-24-15.ec2.internal",
                            "private_ip": "172.31.24.15",
                            "public_dns": "ec2-52-204-247-194.compute-1.amazonaws.com",
                            "public_ip": "52.204.247.194",
                            "root_block_device.#": "1",
                            "root_block_device.0.delete_on_termination": "true",
                            "root_block_device.0.iops": "100",
                            "root_block_device.0.volume_size": "8",
                            "root_block_device.0.volume_type": "gp2",
                            "security_groups.#": "0",
                            "source_dest_check": "true",
                            "subnet_id": "subnet-087d5451",
                            "tags.%": "0",
                            "tenancy": "default",
                            "vpc_security_group_ids.#": "1",
                            "vpc_security_group_ids.2546023419": "sg-10455477"
                        },
                        "meta": {
                            "schema_version": "1"
                        },
                        "tainted": false
                    },
                    "deposed": [],
                    "provider": ""
                }
            },
            "depends_on": []
        }
    ]
}
